// !$*UTF8*$!
{
	archiveVersion = 1;
	classes = {
	};
	objectVersion = 46;
	objects = {

/* Begin PBXBuildFile section */
		DC59DBC71D2FF18600283F78 /* AppDelegate.swift in Sources */ = {isa = PBXBuildFile; fileRef = DC59DBC61D2FF18600283F78 /* AppDelegate.swift */; };
		DC59DBC91D2FF18600283F78 /* ViewController.swift in Sources */ = {isa = PBXBuildFile; fileRef = DC59DBC81D2FF18600283F78 /* ViewController.swift */; };
		DC59DBCC1D2FF18600283F78 /* Main.storyboard in Resources */ = {isa = PBXBuildFile; fileRef = DC59DBCA1D2FF18600283F78 /* Main.storyboard */; };
		DC59DBCE1D2FF18600283F78 /* Assets.xcassets in Resources */ = {isa = PBXBuildFile; fileRef = DC59DBCD1D2FF18600283F78 /* Assets.xcassets */; };
		DC59DBD11D2FF18600283F78 /* LaunchScreen.storyboard in Resources */ = {isa = PBXBuildFile; fileRef = DC59DBCF1D2FF18600283F78 /* LaunchScreen.storyboard */; };
		DC59DBDC1D2FF18700283F78 /* Map_FlatMap_Filter_ReduceTests.swift in Sources */ = {isa = PBXBuildFile; fileRef = DC59DBDB1D2FF18700283F78 /* Map_FlatMap_Filter_ReduceTests.swift */; };
		DC59DBE71D2FF18700283F78 /* Map_FlatMap_Filter_ReduceUITests.swift in Sources */ = {isa = PBXBuildFile; fileRef = DC59DBE61D2FF18700283F78 /* Map_FlatMap_Filter_ReduceUITests.swift */; };
/* End PBXBuildFile section */

/* Begin PBXContainerItemProxy section */
		DC59DBD81D2FF18700283F78 /* PBXContainerItemProxy */ = {
			isa = PBXContainerItemProxy;
			containerPortal = DC59DBBB1D2FF18600283F78 /* Project object */;
			proxyType = 1;
			remoteGlobalIDString = DC59DBC21D2FF18600283F78;
			remoteInfo = "Map-FlatMap-Filter-Reduce";
		};
		DC59DBE31D2FF18700283F78 /* PBXContainerItemProxy */ = {
			isa = PBXContainerItemProxy;
			containerPortal = DC59DBBB1D2FF18600283F78 /* Project object */;
			proxyType = 1;
			remoteGlobalIDString = DC59DBC21D2FF18600283F78;
			remoteInfo = "Map-FlatMap-Filter-Reduce";
		};
/* End PBXContainerItemProxy section */

/* Begin PBXFileReference section */
		DC59DBC31D2FF18600283F78 /* Map-FlatMap-Filter-Reduce.app */ = {isa = PBXFileReference; explicitFileType = wrapper.application; includeInIndex = 0; path = "Map-FlatMap-Filter-Reduce.app"; sourceTree = BUILT_PRODUCTS_DIR; };
		DC59DBC61D2FF18600283F78 /* AppDelegate.swift */ = {isa = PBXFileReference; lastKnownFileType = sourcecode.swift; path = AppDelegate.swift; sourceTree = "<group>"; };
		DC59DBC81D2FF18600283F78 /* ViewController.swift */ = {isa = PBXFileReference; lastKnownFileType = sourcecode.swift; path = ViewController.swift; sourceTree = "<group>"; };
		DC59DBCB1D2FF18600283F78 /* Base */ = {isa = PBXFileReference; lastKnownFileType = file.storyboard; name = Base; path = Base.lproj/Main.storyboard; sourceTree = "<group>"; };
		DC59DBCD1D2FF18600283F78 /* Assets.xcassets */ = {isa = PBXFileReference; lastKnownFileType = folder.assetcatalog; path = Assets.xcassets; sourceTree = "<group>"; };
		DC59DBD01D2FF18600283F78 /* Base */ = {isa = PBXFileReference; lastKnownFileType = file.storyboard; name = Base; path = Base.lproj/LaunchScreen.storyboard; sourceTree = "<group>"; };
		DC59DBD21D2FF18600283F78 /* Info.plist */ = {isa = PBXFileReference; lastKnownFileType = text.plist.xml; path = Info.plist; sourceTree = "<group>"; };
		DC59DBD71D2FF18700283F78 /* Map-FlatMap-Filter-ReduceTests.xctest */ = {isa = PBXFileReference; explicitFileType = wrapper.cfbundle; includeInIndex = 0; path = "Map-FlatMap-Filter-ReduceTests.xctest"; sourceTree = BUILT_PRODUCTS_DIR; };
		DC59DBDB1D2FF18700283F78 /* Map_FlatMap_Filter_ReduceTests.swift */ = {isa = PBXFileReference; lastKnownFileType = sourcecode.swift; path = Map_FlatMap_Filter_ReduceTests.swift; sourceTree = "<group>"; };
		DC59DBDD1D2FF18700283F78 /* Info.plist */ = {isa = PBXFileReference; lastKnownFileType = text.plist.xml; path = Info.plist; sourceTree = "<group>"; };
		DC59DBE21D2FF18700283F78 /* Map-FlatMap-Filter-ReduceUITests.xctest */ = {isa = PBXFileReference; explicitFileType = wrapper.cfbundle; includeInIndex = 0; path = "Map-FlatMap-Filter-ReduceUITests.xctest"; sourceTree = BUILT_PRODUCTS_DIR; };
		DC59DBE61D2FF18700283F78 /* Map_FlatMap_Filter_ReduceUITests.swift */ = {isa = PBXFileReference; lastKnownFileType = sourcecode.swift; path = Map_FlatMap_Filter_ReduceUITests.swift; sourceTree = "<group>"; };
		DC59DBE81D2FF18700283F78 /* Info.plist */ = {isa = PBXFileReference; lastKnownFileType = text.plist.xml; path = Info.plist; sourceTree = "<group>"; };
/* End PBXFileReference section */

/* Begin PBXFrameworksBuildPhase section */
		DC59DBC01D2FF18600283F78 /* Frameworks */ = {
			isa = PBXFrameworksBuildPhase;
			buildActionMask = 2147483647;
			files = (
			);
			runOnlyForDeploymentPostprocessing = 0;
		};
		DC59DBD41D2FF18700283F78 /* Frameworks */ = {
			isa = PBXFrameworksBuildPhase;
			buildActionMask = 2147483647;
			files = (
			);
			runOnlyForDeploymentPostprocessing = 0;
		};
		DC59DBDF1D2FF18700283F78 /* Frameworks */ = {
			isa = PBXFrameworksBuildPhase;
			buildActionMask = 2147483647;
			files = (
			);
			runOnlyForDeploymentPostprocessing = 0;
		};
/* End PBXFrameworksBuildPhase section */

/* Begin PBXGroup section */
		DC59DBBA1D2FF18600283F78 = {
			isa = PBXGroup;
			children = (
				DC59DBC51D2FF18600283F78 /* Map-FlatMap-Filter-Reduce */,
				DC59DBDA1D2FF18700283F78 /* Map-FlatMap-Filter-ReduceTests */,
				DC59DBE51D2FF18700283F78 /* Map-FlatMap-Filter-ReduceUITests */,
				DC59DBC41D2FF18600283F78 /* Products */,
			);
			sourceTree = "<group>";
		};
		DC59DBC41D2FF18600283F78 /* Products */ = {
			isa = PBXGroup;
			children = (
				DC59DBC31D2FF18600283F78 /* Map-FlatMap-Filter-Reduce.app */,
				DC59DBD71D2FF18700283F78 /* Map-FlatMap-Filter-ReduceTests.xctest */,
				DC59DBE21D2FF18700283F78 /* Map-FlatMap-Filter-ReduceUITests.xctest */,
			);
			name = Products;
			sourceTree = "<group>";
		};
		DC59DBC51D2FF18600283F78 /* Map-FlatMap-Filter-Reduce */ = {
			isa = PBXGroup;
			children = (
				DC59DBC61D2FF18600283F78 /* AppDelegate.swift */,
				DC59DBC81D2FF18600283F78 /* ViewController.swift */,
				DC59DBCA1D2FF18600283F78 /* Main.storyboard */,
				DC59DBCD1D2FF18600283F78 /* Assets.xcassets */,
				DC59DBCF1D2FF18600283F78 /* LaunchScreen.storyboard */,
				DC59DBD21D2FF18600283F78 /* Info.plist */,
			);
			path = "Map-FlatMap-Filter-Reduce";
			sourceTree = "<group>";
		};
		DC59DBDA1D2FF18700283F78 /* Map-FlatMap-Filter-ReduceTests */ = {
			isa = PBXGroup;
			children = (
				DC59DBDB1D2FF18700283F78 /* Map_FlatMap_Filter_ReduceTests.swift */,
				DC59DBDD1D2FF18700283F78 /* Info.plist */,
			);
			path = "Map-FlatMap-Filter-ReduceTests";
			sourceTree = "<group>";
		};
		DC59DBE51D2FF18700283F78 /* Map-FlatMap-Filter-ReduceUITests */ = {
			isa = PBXGroup;
			children = (
				DC59DBE61D2FF18700283F78 /* Map_FlatMap_Filter_ReduceUITests.swift */,
				DC59DBE81D2FF18700283F78 /* Info.plist */,
			);
			path = "Map-FlatMap-Filter-ReduceUITests";
			sourceTree = "<group>";
		};
/* End PBXGroup section */

/* Begin PBXNativeTarget section */
		DC59DBC21D2FF18600283F78 /* Map-FlatMap-Filter-Reduce */ = {
			isa = PBXNativeTarget;
			buildConfigurationList = DC59DBEB1D2FF18700283F78 /* Build configuration list for PBXNativeTarget "Map-FlatMap-Filter-Reduce" */;
			buildPhases = (
				DC59DBBF1D2FF18600283F78 /* Sources */,
				DC59DBC01D2FF18600283F78 /* Frameworks */,
				DC59DBC11D2FF18600283F78 /* Resources */,
			);
			buildRules = (
			);
			dependencies = (
			);
			name = "Map-FlatMap-Filter-Reduce";
			productName = "Map-FlatMap-Filter-Reduce";
			productReference = DC59DBC31D2FF18600283F78 /* Map-FlatMap-Filter-Reduce.app */;
			productType = "com.apple.product-type.application";
		};
		DC59DBD61D2FF18700283F78 /* Map-FlatMap-Filter-ReduceTests */ = {
			isa = PBXNativeTarget;
			buildConfigurationList = DC59DBEE1D2FF18700283F78 /* Build configuration list for PBXNativeTarget "Map-FlatMap-Filter-ReduceTests" */;
			buildPhases = (
				DC59DBD31D2FF18700283F78 /* Sources */,
				DC59DBD41D2FF18700283F78 /* Frameworks */,
				DC59DBD51D2FF18700283F78 /* Resources */,
			);
			buildRules = (
			);
			dependencies = (
				DC59DBD91D2FF18700283F78 /* PBXTargetDependency */,
			);
			name = "Map-FlatMap-Filter-ReduceTests";
			productName = "Map-FlatMap-Filter-ReduceTests";
			productReference = DC59DBD71D2FF18700283F78 /* Map-FlatMap-Filter-ReduceTests.xctest */;
			productType = "com.apple.product-type.bundle.unit-test";
		};
		DC59DBE11D2FF18700283F78 /* Map-FlatMap-Filter-ReduceUITests */ = {
			isa = PBXNativeTarget;
			buildConfigurationList = DC59DBF11D2FF18700283F78 /* Build configuration list for PBXNativeTarget "Map-FlatMap-Filter-ReduceUITests" */;
			buildPhases = (
				DC59DBDE1D2FF18700283F78 /* Sources */,
				DC59DBDF1D2FF18700283F78 /* Frameworks */,
				DC59DBE01D2FF18700283F78 /* Resources */,
			);
			buildRules = (
			);
			dependencies = (
				DC59DBE41D2FF18700283F78 /* PBXTargetDependency */,
			);
			name = "Map-FlatMap-Filter-ReduceUITests";
			productName = "Map-FlatMap-Filter-ReduceUITests";
			productReference = DC59DBE21D2FF18700283F78 /* Map-FlatMap-Filter-ReduceUITests.xctest */;
			productType = "com.apple.product-type.bundle.ui-testing";
		};
/* End PBXNativeTarget section */

/* Begin PBXProject section */
		DC59DBBB1D2FF18600283F78 /* Project object */ = {
			isa = PBXProject;
			attributes = {
				LastSwiftUpdateCheck = 0730;
				LastUpgradeCheck = 0730;
				ORGANIZATIONNAME = houjianan;
				TargetAttributes = {
					DC59DBC21D2FF18600283F78 = {
						CreatedOnToolsVersion = 7.3.1;
					};
					DC59DBD61D2FF18700283F78 = {
						CreatedOnToolsVersion = 7.3.1;
						TestTargetID = DC59DBC21D2FF18600283F78;
					};
					DC59DBE11D2FF18700283F78 = {
						CreatedOnToolsVersion = 7.3.1;
						TestTargetID = DC59DBC21D2FF18600283F78;
					};
				};
			};
			buildConfigurationList = DC59DBBE1D2FF18600283F78 /* Build configuration list for PBXProject "Map-FlatMap-Filter-Reduce" */;
			compatibilityVersion = "Xcode 3.2";
			developmentRegion = English;
			hasScannedForEncodings = 0;
			knownRegions = (
				en,
				Base,
			);
			mainGroup = DC59DBBA1D2FF18600283F78;
			productRefGroup = DC59DBC41D2FF18600283F78 /* Products */;
			projectDirPath = "";
			projectRoot = "";
			targets = (
				DC59DBC21D2FF18600283F78 /* Map-FlatMap-Filter-Reduce */,
				DC59DBD61D2FF18700283F78 /* Map-FlatMap-Filter-ReduceTests */,
				DC59DBE11D2FF18700283F78 /* Map-FlatMap-Filter-ReduceUITests */,
			);
		};
/* End PBXProject section */

/* Begin PBXResourcesBuildPhase section */
		DC59DBC11D2FF18600283F78 /* Resources */ = {
			isa = PBXResourcesBuildPhase;
			buildActionMask = 2147483647;
			files = (
				DC59DBD11D2FF18600283F78 /* LaunchScreen.storyboard in Resources */,
				DC59DBCE1D2FF18600283F78 /* Assets.xcassets in Resources */,
				DC59DBCC1D2FF18600283F78 /* Main.storyboard in Resources */,
			);
			runOnlyForDeploymentPostprocessing = 0;
		};
		DC59DBD51D2FF18700283F78 /* Resources */ = {
			isa = PBXResourcesBuildPhase;
			buildActionMask = 2147483647;
			files = (
			);
			runOnlyForDeploymentPostprocessing = 0;
		};
		DC59DBE01D2FF18700283F78 /* Resources */ = {
			isa = PBXResourcesBuildPhase;
			buildActionMask = 2147483647;
			files = (
			);
			runOnlyForDeploymentPostprocessing = 0;
		};
/* End PBXResourcesBuildPhase section */

/* Begin PBXSourcesBuildPhase section */
		DC59DBBF1D2FF18600283F78 /* Sources */ = {
			isa = PBXSourcesBuildPhase;
			buildActionMask = 2147483647;
			files = (
				DC59DBC91D2FF18600283F78 /* ViewController.swift in Sources */,
				DC59DBC71D2FF18600283F78 /* AppDelegate.swift in Sources */,
			);
			runOnlyForDeploymentPostprocessing = 0;
		};
		DC59DBD31D2FF18700283F78 /* Sources */ = {
			isa = PBXSourcesBuildPhase;
			buildActionMask = 2147483647;
			files = (
				DC59DBDC1D2FF18700283F78 /* Map_FlatMap_Filter_ReduceTests.swift in Sources */,
			);
			runOnlyForDeploymentPostprocessing = 0;
		};
		DC59DBDE1D2FF18700283F78 /* Sources */ = {
			isa = PBXSourcesBuildPhase;
			buildActionMask = 2147483647;
			files = (
				DC59DBE71D2FF18700283F78 /* Map_FlatMap_Filter_ReduceUITests.swift in Sources */,
			);
			runOnlyForDeploymentPostprocessing = 0;
		};
/* End PBXSourcesBuildPhase section */

/* Begin PBXTargetDependency section */
		DC59DBD91D2FF18700283F78 /* PBXTargetDependency */ = {
			isa = PBXTargetDependency;
			target = DC59DBC21D2FF18600283F78 /* Map-FlatMap-Filter-Reduce */;
			targetProxy = DC59DBD81D2FF18700283F78 /* PBXContainerItemProxy */;
		};
		DC59DBE41D2FF18700283F78 /* PBXTargetDependency */ = {
			isa = PBXTargetDependency;
			target = DC59DBC21D2FF18600283F78 /* Map-FlatMap-Filter-Reduce */;
			targetProxy = DC59DBE31D2FF18700283F78 /* PBXContainerItemProxy */;
		};
/* End PBXTargetDependency section */

/* Begin PBXVariantGroup section */
		DC59DBCA1D2FF18600283F78 /* Main.storyboard */ = {
			isa = PBXVariantGroup;
			children = (
				DC59DBCB1D2FF18600283F78 /* Base */,
			);
			name = Main.storyboard;
			sourceTree = "<group>";
		};
		DC59DBCF1D2FF18600283F78 /* LaunchScreen.storyboard */ = {
			isa = PBXVariantGroup;
			children = (
				DC59DBD01D2FF18600283F78 /* Base */,
			);
			name = LaunchScreen.storyboard;
			sourceTree = "<group>";
		};
/* End PBXVariantGroup section */

/* Begin XCBuildConfiguration section */
		DC59DBE91D2FF18700283F78 /* Debug */ = {
			isa = XCBuildConfiguration;
			buildSettings = {
				ALWAYS_SEARCH_USER_PATHS = NO;
				CLANG_ANALYZER_NONNULL = YES;
				CLANG_CXX_LANGUAGE_STANDARD = "gnu++0x";
				CLANG_CXX_LIBRARY = "libc++";
				CLANG_ENABLE_MODULES = YES;
				CLANG_ENABLE_OBJC_ARC = YES;
				CLANG_WARN_BOOL_CONVERSION = YES;
				CLANG_WARN_CONSTANT_CONVERSION = YES;
				CLANG_WARN_DIRECT_OBJC_ISA_USAGE = YES_ERROR;
				CLANG_WARN_EMPTY_BODY = YES;
				CLANG_WARN_ENUM_CONVERSION = YES;
				CLANG_WARN_INT_CONVERSION = YES;
				CLANG_WARN_OBJC_ROOT_CLASS = YES_ERROR;
				CLANG_WARN_UNREACHABLE_CODE = YES;
				CLANG_WARN__DUPLICATE_METHOD_MATCH = YES;
				"CODE_SIGN_IDENTITY[sdk=iphoneos*]" = "iPhone Developer";
				COPY_PHASE_STRIP = NO;
				DEBUG_INFORMATION_FORMAT = dwarf;
				ENABLE_STRICT_OBJC_MSGSEND = YES;
				ENABLE_TESTABILITY = YES;
				GCC_C_LANGUAGE_STANDARD = gnu99;
				GCC_DYNAMIC_NO_PIC = NO;
				GCC_NO_COMMON_BLOCKS = YES;
				GCC_OPTIMIZATION_LEVEL = 0;
				GCC_PREPROCESSOR_DEFINITIONS = (
					"DEBUG=1",
					"$(inherited)",
				);
				GCC_WARN_64_TO_32_BIT_CONVERSION = YES;
				GCC_WARN_ABOUT_RETURN_TYPE = YES_ERROR;
				GCC_WARN_UNDECLARED_SELECTOR = YES;
				GCC_WARN_UNINITIALIZED_AUTOS = YES_AGGRESSIVE;
				GCC_WARN_UNUSED_FUNCTION = YES;
				GCC_WARN_UNUSED_VARIABLE = YES;
				IPHONEOS_DEPLOYMENT_TARGET = 9.3;
				MTL_ENABLE_DEBUG_INFO = YES;
				ONLY_ACTIVE_ARCH = YES;
				SDKROOT = iphoneos;
				SWIFT_OPTIMIZATION_LEVEL = "-Onone";
			};
			name = Debug;
		};
		DC59DBEA1D2FF18700283F78 /* Release */ = {
			isa = XCBuildConfiguration;
			buildSettings = {
				ALWAYS_SEARCH_USER_PATHS = NO;
				CLANG_ANALYZER_NONNULL = YES;
				CLANG_CXX_LANGUAGE_STANDARD = "gnu++0x";
				CLANG_CXX_LIBRARY = "libc++";
				CLANG_ENABLE_MODULES = YES;
				CLANG_ENABLE_OBJC_ARC = YES;
				CLANG_WARN_BOOL_CONVERSION = YES;
				CLANG_WARN_CONSTANT_CONVERSION = YES;
				CLANG_WARN_DIRECT_OBJC_ISA_USAGE = YES_ERROR;
				CLANG_WARN_EMPTY_BODY = YES;
				CLANG_WARN_ENUM_CONVERSION = YES;
				CLANG_WARN_INT_CONVERSION = YES;
				CLANG_WARN_OBJC_ROOT_CLASS = YES_ERROR;
				CLANG_WARN_UNREACHABLE_CODE = YES;
				CLANG_WARN__DUPLICATE_METHOD_MATCH = YES;
				"CODE_SIGN_IDENTITY[sdk=iphoneos*]" = "iPhone Developer";
				COPY_PHASE_STRIP = NO;
				DEBUG_INFORMATION_FORMAT = "dwarf-with-dsym";
				ENABLE_NS_ASSERTIONS = NO;
				ENABLE_STRICT_OBJC_MSGSEND = YES;
				GCC_C_LANGUAGE_STANDARD = gnu99;
				GCC_NO_COMMON_BLOCKS = YES;
				GCC_WARN_64_TO_32_BIT_CONVERSION = YES;
				GCC_WARN_ABOUT_RETURN_TYPE = YES_ERROR;
				GCC_WARN_UNDECLARED_SELECTOR = YES;
				GCC_WARN_UNINITIALIZED_AUTOS = YES_AGGRESSIVE;
				GCC_WARN_UNUSED_FUNCTION = YES;
				GCC_WARN_UNUSED_VARIABLE = YES;
				IPHONEOS_DEPLOYMENT_TARGET = 9.3;
				MTL_ENABLE_DEBUG_INFO = NO;
				SDKROOT = iphoneos;
				VALIDATE_PRODUCT = YES;
			};
			name = Release;
		};
		DC59DBEC1D2FF18700283F78 /* Debug */ = {
			isa = XCBuildConfiguration;
			buildSettings = {
				ASSETCATALOG_COMPILER_APPICON_NAME = AppIcon;
				INFOPLIST_FILE = "Map-FlatMap-Filter-Reduce/Info.plist";
				LD_RUNPATH_SEARCH_PATHS = "$(inherited) @executable_path/Frameworks";
				PRODUCT_BUNDLE_IDENTIFIER = "com.jianan.Map-FlatMap-Filter-Reduce";
				PRODUCT_NAME = "$(TARGET_NAME)";
			};
			name = Debug;
		};
		DC59DBED1D2FF18700283F78 /* Release */ = {
			isa = XCBuildConfiguration;
			buildSettings = {
				ASSETCATALOG_COMPILER_APPICON_NAME = AppIcon;
				INFOPLIST_FILE = "Map-FlatMap-Filter-Reduce/Info.plist";
				LD_RUNPATH_SEARCH_PATHS = "$(inherited) @executable_path/Frameworks";
				PRODUCT_BUNDLE_IDENTIFIER = "com.jianan.Map-FlatMap-Filter-Reduce";
				PRODUCT_NAME = "$(TARGET_NAME)";
			};
			name = Release;
		};
		DC59DBEF1D2FF18700283F78 /* Debug */ = {
			isa = XCBuildConfiguration;
			buildSettings = {
				BUNDLE_LOADER = "$(TEST_HOST)";
				INFOPLIST_FILE = "Map-FlatMap-Filter-ReduceTests/Info.plist";
				LD_RUNPATH_SEARCH_PATHS = "$(inherited) @executable_path/Frameworks @loader_path/Frameworks";
				PRODUCT_BUNDLE_IDENTIFIER = "com.jianan.Map-FlatMap-Filter-ReduceTests";
				PRODUCT_NAME = "$(TARGET_NAME)";
				TEST_HOST = "$(BUILT_PRODUCTS_DIR)/Map-FlatMap-Filter-Reduce.app/Map-FlatMap-Filter-Reduce";
			};
			name = Debug;
		};
		DC59DBF01D2FF18700283F78 /* Release */ = {
			isa = XCBuildConfiguration;
			buildSettings = {
				BUNDLE_LOADER = "$(TEST_HOST)";
				INFOPLIST_FILE = "Map-FlatMap-Filter-ReduceTests/Info.plist";
				LD_RUNPATH_SEARCH_PATHS = "$(inherited) @executable_path/Frameworks @loader_path/Frameworks";
				PRODUCT_BUNDLE_IDENTIFIER = "com.jianan.Map-FlatMap-Filter-ReduceTests";
				PRODUCT_NAME = "$(TARGET_NAME)";
				TEST_HOST = "$(BUILT_PRODUCTS_DIR)/Map-FlatMap-Filter-Reduce.app/Map-FlatMap-Filter-Reduce";
			};
			name = Release;
		};
		DC59DBF21D2FF18700283F78 /* Debug */ = {
			isa = XCBuildConfiguration;
			buildSettings = {
				INFOPLIST_FILE = "Map-FlatMap-Filter-ReduceUITests/Info.plist";
				LD_RUNPATH_SEARCH_PATHS = "$(inherited) @executable_path/Frameworks @loader_path/Frameworks";
				PRODUCT_BUNDLE_IDENTIFIER = "com.jianan.Map-FlatMap-Filter-ReduceUITests";
				PRODUCT_NAME = "$(TARGET_NAME)";
				TEST_TARGET_NAME = "Map-FlatMap-Filter-Reduce";
			};
			name = Debug;
		};
		DC59DBF31D2FF18700283F78 /* Release */ = {
			isa = XCBuildConfiguration;
			buildSettings = {
				INFOPLIST_FILE = "Map-FlatMap-Filter-ReduceUITests/Info.plist";
				LD_RUNPATH_SEARCH_PATHS = "$(inherited) @executable_path/Frameworks @loader_path/Frameworks";
				PRODUCT_BUNDLE_IDENTIFIER = "com.jianan.Map-FlatMap-Filter-ReduceUITests";
				PRODUCT_NAME = "$(TARGET_NAME)";
				TEST_TARGET_NAME = "Map-FlatMap-Filter-Reduce";
			};
			name = Release;
		};
/* End XCBuildConfiguration section */

/* Begin XCConfigurationList section */
		DC59DBBE1D2FF18600283F78 /* Build configuration list for PBXProject "Map-FlatMap-Filter-Reduce" */ = {
			isa = XCConfigurationList;
			buildConfigurations = (
				DC59DBE91D2FF18700283F78 /* Debug */,
				DC59DBEA1D2FF18700283F78 /* Release */,
			);
			defaultConfigurationIsVisible = 0;
			defaultConfigurationName = Release;
		};
		DC59DBEB1D2FF18700283F78 /* Build configuration list for PBXNativeTarget "Map-FlatMap-Filter-Reduce" */ = {
			isa = XCConfigurationList;
			buildConfigurations = (
				DC59DBEC1D2FF18700283F78 /* Debug */,
				DC59DBED1D2FF18700283F78 /* Release */,
			);
			defaultConfigurationIsVisible = 0;
		};
		DC59DBEE1D2FF18700283F78 /* Build configuration list for PBXNativeTarget "Map-FlatMap-Filter-ReduceTests" */ = {
			isa = XCConfigurationList;
			buildConfigurations = (
				DC59DBEF1D2FF18700283F78 /* Debug */,
				DC59DBF01D2FF18700283F78 /* Release */,
			);
			defaultConfigurationIsVisible = 0;
		};
		DC59DBF11D2FF18700283F78 /* Build configuration list for PBXNativeTarget "Map-FlatMap-Filter-ReduceUITests" */ = {
			isa = XCConfigurationList;
			buildConfigurations = (
				DC59DBF21D2FF18700283F78 /* Debug */,
				DC59DBF31D2FF18700283F78 /* Release */,
			);
			defaultConfigurationIsVisible = 0;
		};
/* End XCConfigurationList section */
	};
	rootObject = DC59DBBB1D2FF18600283F78 /* Project object */;
}
